// !$*UTF8*$!
{
	archiveVersion = 1;
	classes = {
	};
	objectVersion = 50;
	objects = {

/* Begin PBXBuildFile section */
		3623DC6F241E890A00030178 /* WarriorType.swift in Sources */ = {isa = PBXBuildFile; fileRef = 3623DC6E241E890A00030178 /* WarriorType.swift */; };
		3623DC71241FA1F100030178 /* WarriorFaction.swift in Sources */ = {isa = PBXBuildFile; fileRef = 3623DC70241FA1F100030178 /* WarriorFaction.swift */; };
		3633E1CF2417A05100364548 /* main.swift in Sources */ = {isa = PBXBuildFile; fileRef = 3633E1CE2417A05100364548 /* main.swift */; };
		3633E1D62417A3BC00364548 /* GameManager.swift in Sources */ = {isa = PBXBuildFile; fileRef = 3633E1D52417A3BC00364548 /* GameManager.swift */; };
		3633E1D82417A7A200364548 /* Player.swift in Sources */ = {isa = PBXBuildFile; fileRef = 3633E1D72417A7A200364548 /* Player.swift */; };
		3633E1DA2417A90800364548 /* Warrior.swift in Sources */ = {isa = PBXBuildFile; fileRef = 3633E1D92417A90800364548 /* Warrior.swift */; };
		3633E1DC2417A9D100364548 /* Weapon.swift in Sources */ = {isa = PBXBuildFile; fileRef = 3633E1DB2417A9D100364548 /* Weapon.swift */; };
		3633E1DE2417EC4400364548 /* Mage.swift in Sources */ = {isa = PBXBuildFile; fileRef = 3633E1DD2417EC4400364548 /* Mage.swift */; };
		3633E1E02417EC6A00364548 /* Rogue.swift in Sources */ = {isa = PBXBuildFile; fileRef = 3633E1DF2417EC6A00364548 /* Rogue.swift */; };
		3633E1E22417EC8700364548 /* Hunter.swift in Sources */ = {isa = PBXBuildFile; fileRef = 3633E1E12417EC8700364548 /* Hunter.swift */; };
		3633E1E42417EE3700364548 /* Bow.swift in Sources */ = {isa = PBXBuildFile; fileRef = 3633E1E32417EE3700364548 /* Bow.swift */; };
		3633E1E62417EE8200364548 /* Spear.swift in Sources */ = {isa = PBXBuildFile; fileRef = 3633E1E52417EE8200364548 /* Spear.swift */; };
		3633E1E82417EEBC00364548 /* Axe.swift in Sources */ = {isa = PBXBuildFile; fileRef = 3633E1E72417EEBC00364548 /* Axe.swift */; };
		3633E1EA2418E36400364548 /* Dagger.swift in Sources */ = {isa = PBXBuildFile; fileRef = 3633E1E92418E36400364548 /* Dagger.swift */; };
		3633E1EC241914E100364548 /* Priest.swift in Sources */ = {isa = PBXBuildFile; fileRef = 3633E1EB241914E000364548 /* Priest.swift */; };
		3633E1EE241918A900364548 /* Libram.swift in Sources */ = {isa = PBXBuildFile; fileRef = 3633E1ED241918A900364548 /* Libram.swift */; };
		3633E1F0241A92BB00364548 /* TragicFate.swift in Sources */ = {isa = PBXBuildFile; fileRef = 3633E1EF241A92BB00364548 /* TragicFate.swift */; };
		3633E1F2241BBFC100364548 /* Message.swift in Sources */ = {isa = PBXBuildFile; fileRef = 3633E1F1241BBFC100364548 /* Message.swift */; };
/* End PBXBuildFile section */

/* Begin PBXCopyFilesBuildPhase section */
		3633E1C92417A05000364548 /* CopyFiles */ = {
			isa = PBXCopyFilesBuildPhase;
			buildActionMask = 2147483647;
			dstPath = /usr/share/man/man1/;
			dstSubfolderSpec = 0;
			files = (
			);
			runOnlyForDeploymentPostprocessing = 1;
		};
/* End PBXCopyFilesBuildPhase section */

/* Begin PBXFileReference section */
		3623DC6E241E890A00030178 /* WarriorType.swift */ = {isa = PBXFileReference; lastKnownFileType = sourcecode.swift; path = WarriorType.swift; sourceTree = "<group>"; };
		3623DC70241FA1F100030178 /* WarriorFaction.swift */ = {isa = PBXFileReference; lastKnownFileType = sourcecode.swift; path = WarriorFaction.swift; sourceTree = "<group>"; };
		3633E1CB2417A05000364548 /* P3_01_Xcode */ = {isa = PBXFileReference; explicitFileType = "compiled.mach-o.executable"; includeInIndex = 0; path = P3_01_Xcode; sourceTree = BUILT_PRODUCTS_DIR; };
		3633E1CE2417A05100364548 /* main.swift */ = {isa = PBXFileReference; lastKnownFileType = sourcecode.swift; path = main.swift; sourceTree = "<group>"; };
		3633E1D52417A3BC00364548 /* GameManager.swift */ = {isa = PBXFileReference; lastKnownFileType = sourcecode.swift; path = GameManager.swift; sourceTree = "<group>"; };
		3633E1D72417A7A200364548 /* Player.swift */ = {isa = PBXFileReference; lastKnownFileType = sourcecode.swift; path = Player.swift; sourceTree = "<group>"; };
		3633E1D92417A90800364548 /* Warrior.swift */ = {isa = PBXFileReference; lastKnownFileType = sourcecode.swift; path = Warrior.swift; sourceTree = "<group>"; };
		3633E1DB2417A9D100364548 /* Weapon.swift */ = {isa = PBXFileReference; lastKnownFileType = sourcecode.swift; path = Weapon.swift; sourceTree = "<group>"; };
		3633E1DD2417EC4400364548 /* Mage.swift */ = {isa = PBXFileReference; lastKnownFileType = sourcecode.swift; path = Mage.swift; sourceTree = "<group>"; };
		3633E1DF2417EC6A00364548 /* Rogue.swift */ = {isa = PBXFileReference; lastKnownFileType = sourcecode.swift; path = Rogue.swift; sourceTree = "<group>"; };
		3633E1E12417EC8700364548 /* Hunter.swift */ = {isa = PBXFileReference; lastKnownFileType = sourcecode.swift; path = Hunter.swift; sourceTree = "<group>"; };
		3633E1E32417EE3700364548 /* Bow.swift */ = {isa = PBXFileReference; lastKnownFileType = sourcecode.swift; path = Bow.swift; sourceTree = "<group>"; };
		3633E1E52417EE8200364548 /* Spear.swift */ = {isa = PBXFileReference; lastKnownFileType = sourcecode.swift; path = Spear.swift; sourceTree = "<group>"; };
		3633E1E72417EEBC00364548 /* Axe.swift */ = {isa = PBXFileReference; lastKnownFileType = sourcecode.swift; path = Axe.swift; sourceTree = "<group>"; };
		3633E1E92418E36400364548 /* Dagger.swift */ = {isa = PBXFileReference; lastKnownFileType = sourcecode.swift; path = Dagger.swift; sourceTree = "<group>"; };
		3633E1EB241914E000364548 /* Priest.swift */ = {isa = PBXFileReference; lastKnownFileType = sourcecode.swift; path = Priest.swift; sourceTree = "<group>"; };
		3633E1ED241918A900364548 /* Libram.swift */ = {isa = PBXFileReference; lastKnownFileType = sourcecode.swift; path = Libram.swift; sourceTree = "<group>"; };
		3633E1EF241A92BB00364548 /* TragicFate.swift */ = {isa = PBXFileReference; lastKnownFileType = sourcecode.swift; path = TragicFate.swift; sourceTree = "<group>"; };
		3633E1F1241BBFC100364548 /* Message.swift */ = {isa = PBXFileReference; lastKnownFileType = sourcecode.swift; path = Message.swift; sourceTree = "<group>"; };
/* End PBXFileReference section */

/* Begin PBXFrameworksBuildPhase section */
		3633E1C82417A05000364548 /* Frameworks */ = {
			isa = PBXFrameworksBuildPhase;
			buildActionMask = 2147483647;
			files = (
			);
			runOnlyForDeploymentPostprocessing = 0;
		};
/* End PBXFrameworksBuildPhase section */

/* Begin PBXGroup section */
		3633E1C22417A05000364548 = {
			isa = PBXGroup;
			children = (
				3633E1CD2417A05000364548 /* P3_01_Xcode */,
				3633E1CC2417A05000364548 /* Products */,
			);
			sourceTree = "<group>";
		};
		3633E1CC2417A05000364548 /* Products */ = {
			isa = PBXGroup;
			children = (
				3633E1CB2417A05000364548 /* P3_01_Xcode */,
			);
			name = Products;
			sourceTree = "<group>";
		};
		3633E1CD2417A05000364548 /* P3_01_Xcode */ = {
			isa = PBXGroup;
			children = (
				3633E1CE2417A05100364548 /* main.swift */,
				3633E1D52417A3BC00364548 /* GameManager.swift */,
				3633E1D72417A7A200364548 /* Player.swift */,
				3633E1D92417A90800364548 /* Warrior.swift */,
				3633E1DB2417A9D100364548 /* Weapon.swift */,
				3633E1DF2417EC6A00364548 /* Rogue.swift */,
				3633E1DD2417EC4400364548 /* Mage.swift */,
				3633E1E12417EC8700364548 /* Hunter.swift */,
				3633E1EB241914E000364548 /* Priest.swift */,
				3633E1E32417EE3700364548 /* Bow.swift */,
				3633E1E52417EE8200364548 /* Spear.swift */,
				3633E1EF241A92BB00364548 /* TragicFate.swift */,
				3633E1E92418E36400364548 /* Dagger.swift */,
				3633E1E72417EEBC00364548 /* Axe.swift */,
				3633E1ED241918A900364548 /* Libram.swift */,
				3633E1F1241BBFC100364548 /* Message.swift */,
				3623DC6E241E890A00030178 /* WarriorType.swift */,
				3623DC70241FA1F100030178 /* WarriorFaction.swift */,
			);
			path = P3_01_Xcode;
			sourceTree = "<group>";
		};
/* End PBXGroup section */

/* Begin PBXNativeTarget section */
		3633E1CA2417A05000364548 /* P3_01_Xcode */ = {
			isa = PBXNativeTarget;
			buildConfigurationList = 3633E1D22417A05100364548 /* Build configuration list for PBXNativeTarget "P3_01_Xcode" */;
			buildPhases = (
				3633E1C72417A05000364548 /* Sources */,
				3633E1C82417A05000364548 /* Frameworks */,
				3633E1C92417A05000364548 /* CopyFiles */,
			);
			buildRules = (
			);
			dependencies = (
			);
			name = P3_01_Xcode;
			productName = P3_01_Xcode;
			productReference = 3633E1CB2417A05000364548 /* P3_01_Xcode */;
			productType = "com.apple.product-type.tool";
		};
/* End PBXNativeTarget section */

/* Begin PBXProject section */
		3633E1C32417A05000364548 /* Project object */ = {
			isa = PBXProject;
			attributes = {
				LastSwiftUpdateCheck = 1130;
				LastUpgradeCheck = 1130;
				ORGANIZATIONNAME = "Sébastien Kothé";
				TargetAttributes = {
					3633E1CA2417A05000364548 = {
						CreatedOnToolsVersion = 11.3.1;
					};
				};
			};
			buildConfigurationList = 3633E1C62417A05000364548 /* Build configuration list for PBXProject "P3_01_Xcode" */;
			compatibilityVersion = "Xcode 9.3";
			developmentRegion = en;
			hasScannedForEncodings = 0;
			knownRegions = (
				en,
				Base,
			);
			mainGroup = 3633E1C22417A05000364548;
			productRefGroup = 3633E1CC2417A05000364548 /* Products */;
			projectDirPath = "";
			projectRoot = "";
			targets = (
				3633E1CA2417A05000364548 /* P3_01_Xcode */,
			);
		};
/* End PBXProject section */

/* Begin PBXSourcesBuildPhase section */
		3633E1C72417A05000364548 /* Sources */ = {
			isa = PBXSourcesBuildPhase;
			buildActionMask = 2147483647;
			files = (
				3633E1EE241918A900364548 /* Libram.swift in Sources */,
				3633E1EC241914E100364548 /* Priest.swift in Sources */,
				3633E1E42417EE3700364548 /* Bow.swift in Sources */,
				3623DC71241FA1F100030178 /* WarriorFaction.swift in Sources */,
				3633E1E02417EC6A00364548 /* Rogue.swift in Sources */,
				3633E1DC2417A9D100364548 /* Weapon.swift in Sources */,
				3633E1F0241A92BB00364548 /* TragicFate.swift in Sources */,
				3633E1CF2417A05100364548 /* main.swift in Sources */,
				3633E1D82417A7A200364548 /* Player.swift in Sources */,
				3633E1DE2417EC4400364548 /* Mage.swift in Sources */,
				3633E1E22417EC8700364548 /* Hunter.swift in Sources */,
				3623DC6F241E890A00030178 /* WarriorType.swift in Sources */,
				3633E1E62417EE8200364548 /* Spear.swift in Sources */,
				3633E1DA2417A90800364548 /* Warrior.swift in Sources */,
				3633E1EA2418E36400364548 /* Dagger.swift in Sources */,
				3633E1F2241BBFC100364548 /* Message.swift in Sources */,
				3633E1D62417A3BC00364548 /* GameManager.swift in Sources */,
				3633E1E82417EEBC00364548 /* Axe.swift in Sources */,
			);
			runOnlyForDeploymentPostprocessing = 0;
		};
/* End PBXSourcesBuildPhase section */

/* Begin XCBuildConfiguration section */
		3633E1D02417A05100364548 /* Debug */ = {
			isa = XCBuildConfiguration;
			buildSettings = {
				ALWAYS_SEARCH_USER_PATHS = NO;
				CLANG_ANALYZER_NONNULL = YES;
				CLANG_ANALYZER_NUMBER_OBJECT_CONVERSION = YES_AGGRESSIVE;
				CLANG_CXX_LANGUAGE_STANDARD = "gnu++14";
				CLANG_CXX_LIBRARY = "libc++";
				CLANG_ENABLE_MODULES = YES;
				CLANG_ENABLE_OBJC_ARC = YES;
				CLANG_ENABLE_OBJC_WEAK = YES;
				CLANG_WARN_BLOCK_CAPTURE_AUTORELEASING = YES;
				CLANG_WARN_BOOL_CONVERSION = YES;
				CLANG_WARN_COMMA = YES;
				CLANG_WARN_CONSTANT_CONVERSION = YES;
				CLANG_WARN_DEPRECATED_OBJC_IMPLEMENTATIONS = YES;
				CLANG_WARN_DIRECT_OBJC_ISA_USAGE = YES_ERROR;
				CLANG_WARN_DOCUMENTATION_COMMENTS = YES;
				CLANG_WARN_EMPTY_BODY = YES;
				CLANG_WARN_ENUM_CONVERSION = YES;
				CLANG_WARN_INFINITE_RECURSION = YES;
				CLANG_WARN_INT_CONVERSION = YES;
				CLANG_WARN_NON_LITERAL_NULL_CONVERSION = YES;
				CLANG_WARN_OBJC_IMPLICIT_RETAIN_SELF = YES;
				CLANG_WARN_OBJC_LITERAL_CONVERSION = YES;
				CLANG_WARN_OBJC_ROOT_CLASS = YES_ERROR;
				CLANG_WARN_RANGE_LOOP_ANALYSIS = YES;
				CLANG_WARN_STRICT_PROTOTYPES = YES;
				CLANG_WARN_SUSPICIOUS_MOVE = YES;
				CLANG_WARN_UNGUARDED_AVAILABILITY = YES_AGGRESSIVE;
				CLANG_WARN_UNREACHABLE_CODE = YES;
				CLANG_WARN__DUPLICATE_METHOD_MATCH = YES;
				COPY_PHASE_STRIP = NO;
				DEBUG_INFORMATION_FORMAT = dwarf;
				ENABLE_STRICT_OBJC_MSGSEND = YES;
				ENABLE_TESTABILITY = YES;
				GCC_C_LANGUAGE_STANDARD = gnu11;
				GCC_DYNAMIC_NO_PIC = NO;
				GCC_NO_COMMON_BLOCKS = YES;
				GCC_OPTIMIZATION_LEVEL = 0;
				GCC_PREPROCESSOR_DEFINITIONS = (
					"DEBUG=1",
					"$(inherited)",
				);
				GCC_WARN_64_TO_32_BIT_CONVERSION = YES;
				GCC_WARN_ABOUT_RETURN_TYPE = YES_ERROR;
				GCC_WARN_UNDECLARED_SELECTOR = YES;
				GCC_WARN_UNINITIALIZED_AUTOS = YES_AGGRESSIVE;
				GCC_WARN_UNUSED_FUNCTION = YES;
				GCC_WARN_UNUSED_VARIABLE = YES;
				MACOSX_DEPLOYMENT_TARGET = 10.15;
				MTL_ENABLE_DEBUG_INFO = INCLUDE_SOURCE;
				MTL_FAST_MATH = YES;
				ONLY_ACTIVE_ARCH = YES;
				SDKROOT = macosx;
				SWIFT_ACTIVE_COMPILATION_CONDITIONS = DEBUG;
				SWIFT_OPTIMIZATION_LEVEL = "-Onone";
			};
			name = Debug;
		};
		3633E1D12417A05100364548 /* Release */ = {
			isa = XCBuildConfiguration;
			buildSettings = {
				ALWAYS_SEARCH_USER_PATHS = NO;
				CLANG_ANALYZER_NONNULL = YES;
				CLANG_ANALYZER_NUMBER_OBJECT_CONVERSION = YES_AGGRESSIVE;
				CLANG_CXX_LANGUAGE_STANDARD = "gnu++14";
				CLANG_CXX_LIBRARY = "libc++";
				CLANG_ENABLE_MODULES = YES;
				CLANG_ENABLE_OBJC_ARC = YES;
				CLANG_ENABLE_OBJC_WEAK = YES;
				CLANG_WARN_BLOCK_CAPTURE_AUTORELEASING = YES;
				CLANG_WARN_BOOL_CONVERSION = YES;
				CLANG_WARN_COMMA = YES;
				CLANG_WARN_CONSTANT_CONVERSION = YES;
				CLANG_WARN_DEPRECATED_OBJC_IMPLEMENTATIONS = YES;
				CLANG_WARN_DIRECT_OBJC_ISA_USAGE = YES_ERROR;
				CLANG_WARN_DOCUMENTATION_COMMENTS = YES;
				CLANG_WARN_EMPTY_BODY = YES;
				CLANG_WARN_ENUM_CONVERSION = YES;
				CLANG_WARN_INFINITE_RECURSION = YES;
				CLANG_WARN_INT_CONVERSION = YES;
				CLANG_WARN_NON_LITERAL_NULL_CONVERSION = YES;
				CLANG_WARN_OBJC_IMPLICIT_RETAIN_SELF = YES;
				CLANG_WARN_OBJC_LITERAL_CONVERSION = YES;
				CLANG_WARN_OBJC_ROOT_CLASS = YES_ERROR;
				CLANG_WARN_RANGE_LOOP_ANALYSIS = YES;
				CLANG_WARN_STRICT_PROTOTYPES = YES;
				CLANG_WARN_SUSPICIOUS_MOVE = YES;
				CLANG_WARN_UNGUARDED_AVAILABILITY = YES_AGGRESSIVE;
				CLANG_WARN_UNREACHABLE_CODE = YES;
				CLANG_WARN__DUPLICATE_METHOD_MATCH = YES;
				COPY_PHASE_STRIP = NO;
				DEBUG_INFORMATION_FORMAT = "dwarf-with-dsym";
				ENABLE_NS_ASSERTIONS = NO;
				ENABLE_STRICT_OBJC_MSGSEND = YES;
				GCC_C_LANGUAGE_STANDARD = gnu11;
				GCC_NO_COMMON_BLOCKS = YES;
				GCC_WARN_64_TO_32_BIT_CONVERSION = YES;
				GCC_WARN_ABOUT_RETURN_TYPE = YES_ERROR;
				GCC_WARN_UNDECLARED_SELECTOR = YES;
				GCC_WARN_UNINITIALIZED_AUTOS = YES_AGGRESSIVE;
				GCC_WARN_UNUSED_FUNCTION = YES;
				GCC_WARN_UNUSED_VARIABLE = YES;
				MACOSX_DEPLOYMENT_TARGET = 10.15;
				MTL_ENABLE_DEBUG_INFO = NO;
				MTL_FAST_MATH = YES;
				SDKROOT = macosx;
				SWIFT_COMPILATION_MODE = wholemodule;
				SWIFT_OPTIMIZATION_LEVEL = "-O";
			};
			name = Release;
		};
		3633E1D32417A05100364548 /* Debug */ = {
			isa = XCBuildConfiguration;
			buildSettings = {
				CODE_SIGN_STYLE = Automatic;
				DEVELOPMENT_TEAM = 3CQSNJZ5Q2;
				ENABLE_HARDENED_RUNTIME = YES;
				PRODUCT_NAME = "$(TARGET_NAME)";
				SWIFT_VERSION = 5.0;
			};
			name = Debug;
		};
		3633E1D42417A05100364548 /* Release */ = {
			isa = XCBuildConfiguration;
			buildSettings = {
				CODE_SIGN_STYLE = Automatic;
				DEVELOPMENT_TEAM = 3CQSNJZ5Q2;
				ENABLE_HARDENED_RUNTIME = YES;
				PRODUCT_NAME = "$(TARGET_NAME)";
				SWIFT_VERSION = 5.0;
			};
			name = Release;
		};
/* End XCBuildConfiguration section */

/* Begin XCConfigurationList section */
		3633E1C62417A05000364548 /* Build configuration list for PBXProject "P3_01_Xcode" */ = {
			isa = XCConfigurationList;
			buildConfigurations = (
				3633E1D02417A05100364548 /* Debug */,
				3633E1D12417A05100364548 /* Release */,
			);
			defaultConfigurationIsVisible = 0;
			defaultConfigurationName = Release;
		};
		3633E1D22417A05100364548 /* Build configuration list for PBXNativeTarget "P3_01_Xcode" */ = {
			isa = XCConfigurationList;
			buildConfigurations = (
				3633E1D32417A05100364548 /* Debug */,
				3633E1D42417A05100364548 /* Release */,
			);
			defaultConfigurationIsVisible = 0;
			defaultConfigurationName = Release;
		};
/* End XCConfigurationList section */
	};
	rootObject = 3633E1C32417A05000364548 /* Project object */;
}
